// !$*UTF8*$!
{
	archiveVersion = 1;
	classes = {
	};
	objectVersion = 55;
	objects = {

/* Begin PBXBuildFile section */
		8B03CEBF28B75DA800B262D4 /* StatisticsView.swift in Sources */ = {isa = PBXBuildFile; fileRef = 8B03CEBE28B75DA800B262D4 /* StatisticsView.swift */; };
		8B0DAE0D28B882A700FC9950 /* win-music.mp3 in Resources */ = {isa = PBXBuildFile; fileRef = 8B0DAE0C28B882A700FC9950 /* win-music.mp3 */; };
		8B0DAE0F28B8831F00FC9950 /* SoundProcessor.swift in Sources */ = {isa = PBXBuildFile; fileRef = 8B0DAE0E28B8831F00FC9950 /* SoundProcessor.swift */; };
		8B0DAE1128B88D4F00FC9950 /* lose-music.mp3 in Resources */ = {isa = PBXBuildFile; fileRef = 8B0DAE1028B88D4F00FC9950 /* lose-music.mp3 */; };
		8B80AB4228B895D900A1DE1F /* InstructionsView.swift in Sources */ = {isa = PBXBuildFile; fileRef = 8B80AB4128B895D900A1DE1F /* InstructionsView.swift */; };
		8B80AB4428B89D7000A1DE1F /* SettingsView.swift in Sources */ = {isa = PBXBuildFile; fileRef = 8B80AB4328B89D7000A1DE1F /* SettingsView.swift */; };
		8B80AB4628B8A68C00A1DE1F /* background-music.mp3 in Resources */ = {isa = PBXBuildFile; fileRef = 8B80AB4528B8A68C00A1DE1F /* background-music.mp3 */; };
		8B82D48028BC8BBB008F56B0 /* ShowResultView.swift in Sources */ = {isa = PBXBuildFile; fileRef = 8B82D47F28BC8BBA008F56B0 /* ShowResultView.swift */; };
		8B82D48228BC934F008F56B0 /* ActivitySheetView.swift in Sources */ = {isa = PBXBuildFile; fileRef = 8B82D48128BC934F008F56B0 /* ActivitySheetView.swift */; };
		8B93116628B7466A009F6650 /* WordDictionary.swift in Sources */ = {isa = PBXBuildFile; fileRef = 8B93116528B7466A009F6650 /* WordDictionary.swift */; };
		8B93116828B74715009F6650 /* KeyView.swift in Sources */ = {isa = PBXBuildFile; fileRef = 8B93116728B74715009F6650 /* KeyView.swift */; };
		8B93116A28B7478C009F6650 /* SixGuesses.swift in Sources */ = {isa = PBXBuildFile; fileRef = 8B93116928B7478C009F6650 /* SixGuesses.swift */; };
		8B93116C28B747E7009F6650 /* KeyboardView.swift in Sources */ = {isa = PBXBuildFile; fileRef = 8B93116B28B747E7009F6650 /* KeyboardView.swift */; };
		8B93116E28B748DE009F6650 /* WordGuess.swift in Sources */ = {isa = PBXBuildFile; fileRef = 8B93116D28B748DE009F6650 /* WordGuess.swift */; };
		8B93117028B7490E009F6650 /* GuessedLetter.swift in Sources */ = {isa = PBXBuildFile; fileRef = 8B93116F28B7490E009F6650 /* GuessedLetter.swift */; };
		8B93117328B74B70009F6650 /* BoardView.swift in Sources */ = {isa = PBXBuildFile; fileRef = 8B93117228B74B70009F6650 /* BoardView.swift */; };
		8B93117528B74BDB009F6650 /* ResultView.swift in Sources */ = {isa = PBXBuildFile; fileRef = 8B93117428B74BDB009F6650 /* ResultView.swift */; };
		8B93117728B74C35009F6650 /* CurrentGuessView.swift in Sources */ = {isa = PBXBuildFile; fileRef = 8B93117628B74C35009F6650 /* CurrentGuessView.swift */; };
		8B93117928B74C8B009F6650 /* EmptyView.swift in Sources */ = {isa = PBXBuildFile; fileRef = 8B93117828B74C8B009F6650 /* EmptyView.swift */; };
		8B93117B28B74CD4009F6650 /* GuessView.swift in Sources */ = {isa = PBXBuildFile; fileRef = 8B93117A28B74CD4009F6650 /* GuessView.swift */; };
		8B93117F28B74DB8009F6650 /* Statistics.swift in Sources */ = {isa = PBXBuildFile; fileRef = 8B93117E28B74DB8009F6650 /* Statistics.swift */; };
		8B93118628B758AF009F6650 /* MainMenuView.swift in Sources */ = {isa = PBXBuildFile; fileRef = 8B93118528B758AF009F6650 /* MainMenuView.swift */; };
		8B93118A28B75C7F009F6650 /* GameView.swift in Sources */ = {isa = PBXBuildFile; fileRef = 8B93118928B75C7F009F6650 /* GameView.swift */; };
		8BA867BC28B9DB2000D0A272 /* AppColorScheme.swift in Sources */ = {isa = PBXBuildFile; fileRef = 8BA867BB28B9DB2000D0A272 /* AppColorScheme.swift */; };
		8BA867BF28B9DBE800D0A272 /* UIWindow.swift in Sources */ = {isa = PBXBuildFile; fileRef = 8BA867BE28B9DBE800D0A272 /* UIWindow.swift */; };
		8BBE813528BF5EE000A2CE21 /* win-sfx.mp3 in Resources */ = {isa = PBXBuildFile; fileRef = 8BBE813428BF5EE000A2CE21 /* win-sfx.mp3 */; };
		8BC2922828BF1758006CE26D /* SplashScreenView.swift in Sources */ = {isa = PBXBuildFile; fileRef = 8BC2922728BF1758006CE26D /* SplashScreenView.swift */; };
		8BC5D58728AE0B1D00649C46 /* SixGuessesApp.swift in Sources */ = {isa = PBXBuildFile; fileRef = 8BC5D58628AE0B1D00649C46 /* SixGuessesApp.swift */; };
		8BC5D58928AE0B1D00649C46 /* ContentView.swift in Sources */ = {isa = PBXBuildFile; fileRef = 8BC5D58828AE0B1D00649C46 /* ContentView.swift */; };
		8BC5D58B28AE0B1E00649C46 /* Assets.xcassets in Resources */ = {isa = PBXBuildFile; fileRef = 8BC5D58A28AE0B1E00649C46 /* Assets.xcassets */; };
		8BC5D58E28AE0B1E00649C46 /* Preview Assets.xcassets in Resources */ = {isa = PBXBuildFile; fileRef = 8BC5D58D28AE0B1E00649C46 /* Preview Assets.xcassets */; };
		8BC5D59928AE0CBD00649C46 /* 5-Letter-Words in Resources */ = {isa = PBXBuildFile; fileRef = 8BC5D59828AE0CBD00649C46 /* 5-Letter-Words */; };
/* End PBXBuildFile section */

/* Begin PBXFileReference section */
		8B03CEBE28B75DA800B262D4 /* StatisticsView.swift */ = {isa = PBXFileReference; lastKnownFileType = sourcecode.swift; path = StatisticsView.swift; sourceTree = "<group>"; };
		8B0DAE0C28B882A700FC9950 /* win-music.mp3 */ = {isa = PBXFileReference; lastKnownFileType = audio.mp3; name = "win-music.mp3"; path = "../../../../Downloads/win-music.mp3"; sourceTree = "<group>"; };
		8B0DAE0E28B8831F00FC9950 /* SoundProcessor.swift */ = {isa = PBXFileReference; lastKnownFileType = sourcecode.swift; path = SoundProcessor.swift; sourceTree = "<group>"; };
		8B0DAE1028B88D4F00FC9950 /* lose-music.mp3 */ = {isa = PBXFileReference; lastKnownFileType = audio.mp3; name = "lose-music.mp3"; path = "../../../../Downloads/lose-music.mp3"; sourceTree = "<group>"; };
		8B80AB4128B895D900A1DE1F /* InstructionsView.swift */ = {isa = PBXFileReference; lastKnownFileType = sourcecode.swift; path = InstructionsView.swift; sourceTree = "<group>"; };
		8B80AB4328B89D7000A1DE1F /* SettingsView.swift */ = {isa = PBXFileReference; lastKnownFileType = sourcecode.swift; path = SettingsView.swift; sourceTree = "<group>"; };
		8B80AB4528B8A68C00A1DE1F /* background-music.mp3 */ = {isa = PBXFileReference; lastKnownFileType = audio.mp3; name = "background-music.mp3"; path = "../../../../Downloads/background-music.mp3"; sourceTree = "<group>"; };
		8B82D47F28BC8BBA008F56B0 /* ShowResultView.swift */ = {isa = PBXFileReference; lastKnownFileType = sourcecode.swift; path = ShowResultView.swift; sourceTree = "<group>"; };
		8B82D48128BC934F008F56B0 /* ActivitySheetView.swift */ = {isa = PBXFileReference; lastKnownFileType = sourcecode.swift; path = ActivitySheetView.swift; sourceTree = "<group>"; };
		8B93116528B7466A009F6650 /* WordDictionary.swift */ = {isa = PBXFileReference; lastKnownFileType = sourcecode.swift; path = WordDictionary.swift; sourceTree = "<group>"; };
		8B93116728B74715009F6650 /* KeyView.swift */ = {isa = PBXFileReference; lastKnownFileType = sourcecode.swift; path = KeyView.swift; sourceTree = "<group>"; };
		8B93116928B7478C009F6650 /* SixGuesses.swift */ = {isa = PBXFileReference; lastKnownFileType = sourcecode.swift; path = SixGuesses.swift; sourceTree = "<group>"; };
		8B93116B28B747E7009F6650 /* KeyboardView.swift */ = {isa = PBXFileReference; lastKnownFileType = sourcecode.swift; path = KeyboardView.swift; sourceTree = "<group>"; };
		8B93116D28B748DE009F6650 /* WordGuess.swift */ = {isa = PBXFileReference; lastKnownFileType = sourcecode.swift; path = WordGuess.swift; sourceTree = "<group>"; };
		8B93116F28B7490E009F6650 /* GuessedLetter.swift */ = {isa = PBXFileReference; lastKnownFileType = sourcecode.swift; path = GuessedLetter.swift; sourceTree = "<group>"; };
		8B93117228B74B70009F6650 /* BoardView.swift */ = {isa = PBXFileReference; lastKnownFileType = sourcecode.swift; path = BoardView.swift; sourceTree = "<group>"; };
		8B93117428B74BDB009F6650 /* ResultView.swift */ = {isa = PBXFileReference; lastKnownFileType = sourcecode.swift; path = ResultView.swift; sourceTree = "<group>"; };
		8B93117628B74C35009F6650 /* CurrentGuessView.swift */ = {isa = PBXFileReference; lastKnownFileType = sourcecode.swift; path = CurrentGuessView.swift; sourceTree = "<group>"; };
		8B93117828B74C8B009F6650 /* EmptyView.swift */ = {isa = PBXFileReference; lastKnownFileType = sourcecode.swift; path = EmptyView.swift; sourceTree = "<group>"; };
		8B93117A28B74CD4009F6650 /* GuessView.swift */ = {isa = PBXFileReference; lastKnownFileType = sourcecode.swift; path = GuessView.swift; sourceTree = "<group>"; };
		8B93117E28B74DB8009F6650 /* Statistics.swift */ = {isa = PBXFileReference; lastKnownFileType = sourcecode.swift; path = Statistics.swift; sourceTree = "<group>"; };
		8B93118528B758AF009F6650 /* MainMenuView.swift */ = {isa = PBXFileReference; lastKnownFileType = sourcecode.swift; path = MainMenuView.swift; sourceTree = "<group>"; };
		8B93118928B75C7F009F6650 /* GameView.swift */ = {isa = PBXFileReference; lastKnownFileType = sourcecode.swift; path = GameView.swift; sourceTree = "<group>"; };
		8BA867BB28B9DB2000D0A272 /* AppColorScheme.swift */ = {isa = PBXFileReference; lastKnownFileType = sourcecode.swift; path = AppColorScheme.swift; sourceTree = "<group>"; };
		8BA867BE28B9DBE800D0A272 /* UIWindow.swift */ = {isa = PBXFileReference; lastKnownFileType = sourcecode.swift; path = UIWindow.swift; sourceTree = "<group>"; };
		8BBE813428BF5EE000A2CE21 /* win-sfx.mp3 */ = {isa = PBXFileReference; lastKnownFileType = audio.mp3; name = "win-sfx.mp3"; path = "../../../../Downloads/win-sfx.mp3"; sourceTree = "<group>"; };
		8BC2922728BF1758006CE26D /* SplashScreenView.swift */ = {isa = PBXFileReference; lastKnownFileType = sourcecode.swift; path = SplashScreenView.swift; sourceTree = "<group>"; };
		8BC5D58328AE0B1D00649C46 /* SixGuesses.app */ = {isa = PBXFileReference; explicitFileType = wrapper.application; includeInIndex = 0; path = SixGuesses.app; sourceTree = BUILT_PRODUCTS_DIR; };
		8BC5D58628AE0B1D00649C46 /* SixGuessesApp.swift */ = {isa = PBXFileReference; lastKnownFileType = sourcecode.swift; path = SixGuessesApp.swift; sourceTree = "<group>"; };
		8BC5D58828AE0B1D00649C46 /* ContentView.swift */ = {isa = PBXFileReference; lastKnownFileType = sourcecode.swift; path = ContentView.swift; sourceTree = "<group>"; };
		8BC5D58A28AE0B1E00649C46 /* Assets.xcassets */ = {isa = PBXFileReference; lastKnownFileType = folder.assetcatalog; path = Assets.xcassets; sourceTree = "<group>"; };
		8BC5D58D28AE0B1E00649C46 /* Preview Assets.xcassets */ = {isa = PBXFileReference; lastKnownFileType = folder.assetcatalog; path = "Preview Assets.xcassets"; sourceTree = "<group>"; };
		8BC5D59828AE0CBD00649C46 /* 5-Letter-Words */ = {isa = PBXFileReference; lastKnownFileType = text; path = "5-Letter-Words"; sourceTree = "<group>"; };
/* End PBXFileReference section */

/* Begin PBXFrameworksBuildPhase section */
		8BC5D58028AE0B1D00649C46 /* Frameworks */ = {
			isa = PBXFrameworksBuildPhase;
			buildActionMask = 2147483647;
			files = (
			);
			runOnlyForDeploymentPostprocessing = 0;
		};
/* End PBXFrameworksBuildPhase section */

/* Begin PBXGroup section */
		8B03CEC028B75E7100B262D4 /* ResultsViews */ = {
			isa = PBXGroup;
			children = (
				8B03CEBE28B75DA800B262D4 /* StatisticsView.swift */,
				8B82D47F28BC8BBA008F56B0 /* ShowResultView.swift */,
				8B82D48128BC934F008F56B0 /* ActivitySheetView.swift */,
			);
			path = ResultsViews;
			sourceTree = "<group>";
		};
		8B0DAE0B28B8828E00FC9950 /* SoundEffects */ = {
			isa = PBXGroup;
			children = (
				8BBE813428BF5EE000A2CE21 /* win-sfx.mp3 */,
				8B80AB4528B8A68C00A1DE1F /* background-music.mp3 */,
				8B0DAE1028B88D4F00FC9950 /* lose-music.mp3 */,
				8B0DAE0C28B882A700FC9950 /* win-music.mp3 */,
				8B0DAE0E28B8831F00FC9950 /* SoundProcessor.swift */,
			);
			path = SoundEffects;
			sourceTree = "<group>";
		};
		8B93116128B7459F009F6650 /* KeyboardInputViews */ = {
			isa = PBXGroup;
			children = (
				8B93116728B74715009F6650 /* KeyView.swift */,
				8B93116B28B747E7009F6650 /* KeyboardView.swift */,
			);
			path = KeyboardInputViews;
			sourceTree = "<group>";
		};
		8B93116428B74656009F6650 /* GameData */ = {
			isa = PBXGroup;
			children = (
				8B93116528B7466A009F6650 /* WordDictionary.swift */,
				8B93116928B7478C009F6650 /* SixGuesses.swift */,
				8B93116D28B748DE009F6650 /* WordGuess.swift */,
				8B93116F28B7490E009F6650 /* GuessedLetter.swift */,
				8B93117E28B74DB8009F6650 /* Statistics.swift */,
				8BA867BB28B9DB2000D0A272 /* AppColorScheme.swift */,
			);
			path = GameData;
			sourceTree = "<group>";
		};
		8B93117128B74B56009F6650 /* GameViews */ = {
			isa = PBXGroup;
			children = (
				8B93117228B74B70009F6650 /* BoardView.swift */,
				8B93117428B74BDB009F6650 /* ResultView.swift */,
				8B93117628B74C35009F6650 /* CurrentGuessView.swift */,
				8B93117828B74C8B009F6650 /* EmptyView.swift */,
				8B93117A28B74CD4009F6650 /* GuessView.swift */,
				8B93118928B75C7F009F6650 /* GameView.swift */,
			);
			path = GameViews;
			sourceTree = "<group>";
		};
		8B93118028B755B6009F6650 /* MainViews */ = {
			isa = PBXGroup;
			children = (
				8BC5D58828AE0B1D00649C46 /* ContentView.swift */,
				8B93118528B758AF009F6650 /* MainMenuView.swift */,
				8B80AB4128B895D900A1DE1F /* InstructionsView.swift */,
				8B80AB4328B89D7000A1DE1F /* SettingsView.swift */,
				8BC2922728BF1758006CE26D /* SplashScreenView.swift */,
			);
			path = MainViews;
			sourceTree = "<group>";
		};
		8BA867BD28B9DBD300D0A272 /* Extensions */ = {
			isa = PBXGroup;
			children = (
				8BA867BE28B9DBE800D0A272 /* UIWindow.swift */,
			);
			path = Extensions;
			sourceTree = "<group>";
		};
		8BC5D57A28AE0B1D00649C46 = {
			isa = PBXGroup;
			children = (
				8BC5D58528AE0B1D00649C46 /* SixGuesses */,
				8BC5D58428AE0B1D00649C46 /* Products */,
			);
			sourceTree = "<group>";
		};
		8BC5D58428AE0B1D00649C46 /* Products */ = {
			isa = PBXGroup;
			children = (
				8BC5D58328AE0B1D00649C46 /* SixGuesses.app */,
			);
			name = Products;
			sourceTree = "<group>";
		};
		8BC5D58528AE0B1D00649C46 /* SixGuesses */ = {
			isa = PBXGroup;
			children = (
				8BA867BD28B9DBD300D0A272 /* Extensions */,
				8B0DAE0B28B8828E00FC9950 /* SoundEffects */,
				8B03CEC028B75E7100B262D4 /* ResultsViews */,
				8B93118028B755B6009F6650 /* MainViews */,
				8B93117128B74B56009F6650 /* GameViews */,
				8B93116428B74656009F6650 /* GameData */,
				8B93116128B7459F009F6650 /* KeyboardInputViews */,
				8BC5D59728AE0C3700649C46 /* GameResources */,
				8BC5D58628AE0B1D00649C46 /* SixGuessesApp.swift */,
				8BC5D58A28AE0B1E00649C46 /* Assets.xcassets */,
				8BC5D58C28AE0B1E00649C46 /* Preview Content */,
			);
			path = SixGuesses;
			sourceTree = "<group>";
		};
		8BC5D58C28AE0B1E00649C46 /* Preview Content */ = {
			isa = PBXGroup;
			children = (
				8BC5D58D28AE0B1E00649C46 /* Preview Assets.xcassets */,
			);
			path = "Preview Content";
			sourceTree = "<group>";
		};
		8BC5D59728AE0C3700649C46 /* GameResources */ = {
			isa = PBXGroup;
			children = (
				8BC5D59828AE0CBD00649C46 /* 5-Letter-Words */,
			);
			path = GameResources;
			sourceTree = "<group>";
		};
/* End PBXGroup section */

/* Begin PBXNativeTarget section */
		8BC5D58228AE0B1D00649C46 /* SixGuesses */ = {
			isa = PBXNativeTarget;
			buildConfigurationList = 8BC5D59128AE0B1E00649C46 /* Build configuration list for PBXNativeTarget "SixGuesses" */;
			buildPhases = (
				8BC5D57F28AE0B1D00649C46 /* Sources */,
				8BC5D58028AE0B1D00649C46 /* Frameworks */,
				8BC5D58128AE0B1D00649C46 /* Resources */,
			);
			buildRules = (
			);
			dependencies = (
			);
			name = SixGuesses;
			productName = SixGuesses;
			productReference = 8BC5D58328AE0B1D00649C46 /* SixGuesses.app */;
			productType = "com.apple.product-type.application";
		};
/* End PBXNativeTarget section */

/* Begin PBXProject section */
		8BC5D57B28AE0B1D00649C46 /* Project object */ = {
			isa = PBXProject;
			attributes = {
				BuildIndependentTargetsInParallel = 1;
				LastSwiftUpdateCheck = 1340;
				LastUpgradeCheck = 1340;
				TargetAttributes = {
					8BC5D58228AE0B1D00649C46 = {
						CreatedOnToolsVersion = 13.4.1;
					};
				};
			};
			buildConfigurationList = 8BC5D57E28AE0B1D00649C46 /* Build configuration list for PBXProject "SixGuesses" */;
			compatibilityVersion = "Xcode 13.0";
			developmentRegion = en;
			hasScannedForEncodings = 0;
			knownRegions = (
				en,
				Base,
			);
			mainGroup = 8BC5D57A28AE0B1D00649C46;
			productRefGroup = 8BC5D58428AE0B1D00649C46 /* Products */;
			projectDirPath = "";
			projectRoot = "";
			targets = (
				8BC5D58228AE0B1D00649C46 /* SixGuesses */,
			);
		};
/* End PBXProject section */

/* Begin PBXResourcesBuildPhase section */
		8BC5D58128AE0B1D00649C46 /* Resources */ = {
			isa = PBXResourcesBuildPhase;
			buildActionMask = 2147483647;
			files = (
				8BC5D58E28AE0B1E00649C46 /* Preview Assets.xcassets in Resources */,
				8BC5D59928AE0CBD00649C46 /* 5-Letter-Words in Resources */,
				8B0DAE1128B88D4F00FC9950 /* lose-music.mp3 in Resources */,
				8BC5D58B28AE0B1E00649C46 /* Assets.xcassets in Resources */,
				8BBE813528BF5EE000A2CE21 /* win-sfx.mp3 in Resources */,
				8B80AB4628B8A68C00A1DE1F /* background-music.mp3 in Resources */,
				8B0DAE0D28B882A700FC9950 /* win-music.mp3 in Resources */,
			);
			runOnlyForDeploymentPostprocessing = 0;
		};
/* End PBXResourcesBuildPhase section */

/* Begin PBXSourcesBuildPhase section */
		8BC5D57F28AE0B1D00649C46 /* Sources */ = {
			isa = PBXSourcesBuildPhase;
			buildActionMask = 2147483647;
			files = (
				8B93116828B74715009F6650 /* KeyView.swift in Sources */,
				8BA867BC28B9DB2000D0A272 /* AppColorScheme.swift in Sources */,
				8B80AB4428B89D7000A1DE1F /* SettingsView.swift in Sources */,
				8B82D48228BC934F008F56B0 /* ActivitySheetView.swift in Sources */,
				8B03CEBF28B75DA800B262D4 /* StatisticsView.swift in Sources */,
				8B93116A28B7478C009F6650 /* SixGuesses.swift in Sources */,
				8BC5D58928AE0B1D00649C46 /* ContentView.swift in Sources */,
				8BC2922828BF1758006CE26D /* SplashScreenView.swift in Sources */,
				8B93116E28B748DE009F6650 /* WordGuess.swift in Sources */,
				8B93117928B74C8B009F6650 /* EmptyView.swift in Sources */,
				8B93116C28B747E7009F6650 /* KeyboardView.swift in Sources */,
				8B82D48028BC8BBB008F56B0 /* ShowResultView.swift in Sources */,
				8B93118628B758AF009F6650 /* MainMenuView.swift in Sources */,
				8B93116628B7466A009F6650 /* WordDictionary.swift in Sources */,
				8B80AB4228B895D900A1DE1F /* InstructionsView.swift in Sources */,
				8B93117328B74B70009F6650 /* BoardView.swift in Sources */,
				8B93117528B74BDB009F6650 /* ResultView.swift in Sources */,
				8B0DAE0F28B8831F00FC9950 /* SoundProcessor.swift in Sources */,
				8BA867BF28B9DBE800D0A272 /* UIWindow.swift in Sources */,
				8B93118A28B75C7F009F6650 /* GameView.swift in Sources */,
				8B93117B28B74CD4009F6650 /* GuessView.swift in Sources */,
				8B93117728B74C35009F6650 /* CurrentGuessView.swift in Sources */,
				8B93117028B7490E009F6650 /* GuessedLetter.swift in Sources */,
				8B93117F28B74DB8009F6650 /* Statistics.swift in Sources */,
				8BC5D58728AE0B1D00649C46 /* SixGuessesApp.swift in Sources */,
			);
			runOnlyForDeploymentPostprocessing = 0;
		};
/* End PBXSourcesBuildPhase section */

/* Begin XCBuildConfiguration section */
		8BC5D58F28AE0B1E00649C46 /* Debug */ = {
			isa = XCBuildConfiguration;
			buildSettings = {
				ALWAYS_SEARCH_USER_PATHS = NO;
				CLANG_ANALYZER_NONNULL = YES;
				CLANG_ANALYZER_NUMBER_OBJECT_CONVERSION = YES_AGGRESSIVE;
				CLANG_CXX_LANGUAGE_STANDARD = "gnu++17";
				CLANG_ENABLE_MODULES = YES;
				CLANG_ENABLE_OBJC_ARC = YES;
				CLANG_ENABLE_OBJC_WEAK = YES;
				CLANG_WARN_BLOCK_CAPTURE_AUTORELEASING = YES;
				CLANG_WARN_BOOL_CONVERSION = YES;
				CLANG_WARN_COMMA = YES;
				CLANG_WARN_CONSTANT_CONVERSION = YES;
				CLANG_WARN_DEPRECATED_OBJC_IMPLEMENTATIONS = YES;
				CLANG_WARN_DIRECT_OBJC_ISA_USAGE = YES_ERROR;
				CLANG_WARN_DOCUMENTATION_COMMENTS = YES;
				CLANG_WARN_EMPTY_BODY = YES;
				CLANG_WARN_ENUM_CONVERSION = YES;
				CLANG_WARN_INFINITE_RECURSION = YES;
				CLANG_WARN_INT_CONVERSION = YES;
				CLANG_WARN_NON_LITERAL_NULL_CONVERSION = YES;
				CLANG_WARN_OBJC_IMPLICIT_RETAIN_SELF = YES;
				CLANG_WARN_OBJC_LITERAL_CONVERSION = YES;
				CLANG_WARN_OBJC_ROOT_CLASS = YES_ERROR;
				CLANG_WARN_QUOTED_INCLUDE_IN_FRAMEWORK_HEADER = YES;
				CLANG_WARN_RANGE_LOOP_ANALYSIS = YES;
				CLANG_WARN_STRICT_PROTOTYPES = YES;
				CLANG_WARN_SUSPICIOUS_MOVE = YES;
				CLANG_WARN_UNGUARDED_AVAILABILITY = YES_AGGRESSIVE;
				CLANG_WARN_UNREACHABLE_CODE = YES;
				CLANG_WARN__DUPLICATE_METHOD_MATCH = YES;
				COPY_PHASE_STRIP = NO;
				DEBUG_INFORMATION_FORMAT = dwarf;
				ENABLE_STRICT_OBJC_MSGSEND = YES;
				ENABLE_TESTABILITY = YES;
				GCC_C_LANGUAGE_STANDARD = gnu11;
				GCC_DYNAMIC_NO_PIC = NO;
				GCC_NO_COMMON_BLOCKS = YES;
				GCC_OPTIMIZATION_LEVEL = 0;
				GCC_PREPROCESSOR_DEFINITIONS = (
					"DEBUG=1",
					"$(inherited)",
				);
				GCC_WARN_64_TO_32_BIT_CONVERSION = YES;
				GCC_WARN_ABOUT_RETURN_TYPE = YES_ERROR;
				GCC_WARN_UNDECLARED_SELECTOR = YES;
				GCC_WARN_UNINITIALIZED_AUTOS = YES_AGGRESSIVE;
				GCC_WARN_UNUSED_FUNCTION = YES;
				GCC_WARN_UNUSED_VARIABLE = YES;
				IPHONEOS_DEPLOYMENT_TARGET = 15.5;
				MTL_ENABLE_DEBUG_INFO = INCLUDE_SOURCE;
				MTL_FAST_MATH = YES;
				ONLY_ACTIVE_ARCH = YES;
				SDKROOT = iphoneos;
				SWIFT_ACTIVE_COMPILATION_CONDITIONS = DEBUG;
				SWIFT_OPTIMIZATION_LEVEL = "-Onone";
			};
			name = Debug;
		};
		8BC5D59028AE0B1E00649C46 /* Release */ = {
			isa = XCBuildConfiguration;
			buildSettings = {
				ALWAYS_SEARCH_USER_PATHS = NO;
				CLANG_ANALYZER_NONNULL = YES;
				CLANG_ANALYZER_NUMBER_OBJECT_CONVERSION = YES_AGGRESSIVE;
				CLANG_CXX_LANGUAGE_STANDARD = "gnu++17";
				CLANG_ENABLE_MODULES = YES;
				CLANG_ENABLE_OBJC_ARC = YES;
				CLANG_ENABLE_OBJC_WEAK = YES;
				CLANG_WARN_BLOCK_CAPTURE_AUTORELEASING = YES;
				CLANG_WARN_BOOL_CONVERSION = YES;
				CLANG_WARN_COMMA = YES;
				CLANG_WARN_CONSTANT_CONVERSION = YES;
				CLANG_WARN_DEPRECATED_OBJC_IMPLEMENTATIONS = YES;
				CLANG_WARN_DIRECT_OBJC_ISA_USAGE = YES_ERROR;
				CLANG_WARN_DOCUMENTATION_COMMENTS = YES;
				CLANG_WARN_EMPTY_BODY = YES;
				CLANG_WARN_ENUM_CONVERSION = YES;
				CLANG_WARN_INFINITE_RECURSION = YES;
				CLANG_WARN_INT_CONVERSION = YES;
				CLANG_WARN_NON_LITERAL_NULL_CONVERSION = YES;
				CLANG_WARN_OBJC_IMPLICIT_RETAIN_SELF = YES;
				CLANG_WARN_OBJC_LITERAL_CONVERSION = YES;
				CLANG_WARN_OBJC_ROOT_CLASS = YES_ERROR;
				CLANG_WARN_QUOTED_INCLUDE_IN_FRAMEWORK_HEADER = YES;
				CLANG_WARN_RANGE_LOOP_ANALYSIS = YES;
				CLANG_WARN_STRICT_PROTOTYPES = YES;
				CLANG_WARN_SUSPICIOUS_MOVE = YES;
				CLANG_WARN_UNGUARDED_AVAILABILITY = YES_AGGRESSIVE;
				CLANG_WARN_UNREACHABLE_CODE = YES;
				CLANG_WARN__DUPLICATE_METHOD_MATCH = YES;
				COPY_PHASE_STRIP = NO;
				DEBUG_INFORMATION_FORMAT = "dwarf-with-dsym";
				ENABLE_NS_ASSERTIONS = NO;
				ENABLE_STRICT_OBJC_MSGSEND = YES;
				GCC_C_LANGUAGE_STANDARD = gnu11;
				GCC_NO_COMMON_BLOCKS = YES;
				GCC_WARN_64_TO_32_BIT_CONVERSION = YES;
				GCC_WARN_ABOUT_RETURN_TYPE = YES_ERROR;
				GCC_WARN_UNDECLARED_SELECTOR = YES;
				GCC_WARN_UNINITIALIZED_AUTOS = YES_AGGRESSIVE;
				GCC_WARN_UNUSED_FUNCTION = YES;
				GCC_WARN_UNUSED_VARIABLE = YES;
				IPHONEOS_DEPLOYMENT_TARGET = 15.5;
				MTL_ENABLE_DEBUG_INFO = NO;
				MTL_FAST_MATH = YES;
				SDKROOT = iphoneos;
				SWIFT_COMPILATION_MODE = wholemodule;
				SWIFT_OPTIMIZATION_LEVEL = "-O";
				VALIDATE_PRODUCT = YES;
			};
			name = Release;
		};
		8BC5D59228AE0B1E00649C46 /* Debug */ = {
			isa = XCBuildConfiguration;
			buildSettings = {
				ASSETCATALOG_COMPILER_APPICON_NAME = AppIcon;
				ASSETCATALOG_COMPILER_GLOBAL_ACCENT_COLOR_NAME = AccentColor;
				CODE_SIGN_STYLE = Automatic;
				CURRENT_PROJECT_VERSION = 1;
				DEVELOPMENT_ASSET_PATHS = "\"SixGuesses/Preview Content\"";
				ENABLE_PREVIEWS = YES;
				GENERATE_INFOPLIST_FILE = YES;
				INFOPLIST_KEY_UIApplicationSceneManifest_Generation = YES;
				INFOPLIST_KEY_UIApplicationSupportsIndirectInputEvents = YES;
				INFOPLIST_KEY_UILaunchScreen_Generation = YES;
				INFOPLIST_KEY_UISupportedInterfaceOrientations_iPad = "UIInterfaceOrientationPortrait UIInterfaceOrientationPortraitUpsideDown UIInterfaceOrientationLandscapeLeft UIInterfaceOrientationLandscapeRight";
				INFOPLIST_KEY_UISupportedInterfaceOrientations_iPhone = "UIInterfaceOrientationPortrait UIInterfaceOrientationLandscapeLeft UIInterfaceOrientationLandscapeRight";
				LD_RUNPATH_SEARCH_PATHS = (
					"$(inherited)",
					"@executable_path/Frameworks",
				);
				MARKETING_VERSION = 1.0;
				PRODUCT_BUNDLE_IDENTIFIER = RMIT.SixGuesses;
				PRODUCT_NAME = "$(TARGET_NAME)";
				SWIFT_EMIT_LOC_STRINGS = YES;
				SWIFT_VERSION = 5.0;
				TARGETED_DEVICE_FAMILY = "1,2";
			};
			name = Debug;
		};
		8BC5D59328AE0B1E00649C46 /* Release */ = {
			isa = XCBuildConfiguration;
			buildSettings = {
				ASSETCATALOG_COMPILER_APPICON_NAME = AppIcon;
				ASSETCATALOG_COMPILER_GLOBAL_ACCENT_COLOR_NAME = AccentColor;
				CODE_SIGN_STYLE = Automatic;
				CURRENT_PROJECT_VERSION = 1;
				DEVELOPMENT_ASSET_PATHS = "\"SixGuesses/Preview Content\"";
				ENABLE_PREVIEWS = YES;
				GENERATE_INFOPLIST_FILE = YES;
				INFOPLIST_KEY_UIApplicationSceneManifest_Generation = YES;
				INFOPLIST_KEY_UIApplicationSupportsIndirectInputEvents = YES;
				INFOPLIST_KEY_UILaunchScreen_Generation = YES;
				INFOPLIST_KEY_UISupportedInterfaceOrientations_iPad = "UIInterfaceOrientationPortrait UIInterfaceOrientationPortraitUpsideDown UIInterfaceOrientationLandscapeLeft UIInterfaceOrientationLandscapeRight";
				INFOPLIST_KEY_UISupportedInterfaceOrientations_iPhone = "UIInterfaceOrientationPortrait UIInterfaceOrientationLandscapeLeft UIInterfaceOrientationLandscapeRight";
				LD_RUNPATH_SEARCH_PATHS = (
					"$(inherited)",
					"@executable_path/Frameworks",
				);
				MARKETING_VERSION = 1.0;
				PRODUCT_BUNDLE_IDENTIFIER = RMIT.SixGuesses;
				PRODUCT_NAME = "$(TARGET_NAME)";
				SWIFT_EMIT_LOC_STRINGS = YES;
				SWIFT_VERSION = 5.0;
				TARGETED_DEVICE_FAMILY = "1,2";
			};
			name = Release;
		};
/* End XCBuildConfiguration section */

/* Begin XCConfigurationList section */
		8BC5D57E28AE0B1D00649C46 /* Build configuration list for PBXProject "SixGuesses" */ = {
			isa = XCConfigurationList;
			buildConfigurations = (
				8BC5D58F28AE0B1E00649C46 /* Debug */,
				8BC5D59028AE0B1E00649C46 /* Release */,
			);
			defaultConfigurationIsVisible = 0;
			defaultConfigurationName = Release;
		};
		8BC5D59128AE0B1E00649C46 /* Build configuration list for PBXNativeTarget "SixGuesses" */ = {
			isa = XCConfigurationList;
			buildConfigurations = (
				8BC5D59228AE0B1E00649C46 /* Debug */,
				8BC5D59328AE0B1E00649C46 /* Release */,
			);
			defaultConfigurationIsVisible = 0;
			defaultConfigurationName = Release;
		};
/* End XCConfigurationList section */
	};
	rootObject = 8BC5D57B28AE0B1D00649C46 /* Project object */;
}
